
Microsoft Visual Studio Solution File, Format Version 12.00
# Visual Studio Version 16
VisualStudioVersion = 16.0.30002.166
MinimumVisualStudioVersion = 10.0.40219.1
Project("{FAE04EC0-301F-11D3-BF4B-00C04F79EFBC}") = "MongoDbDemo", "MongoDbDemo.csproj", "{018EF167-F8B9-4247-82B0-C1AB9ABC658F}"
EndProject
Global
	GlobalSection(SolutionConfigurationPlatforms) = preSolution
		Debug|Any CPU = Debug|Any CPU
		Release|Any CPU = Release|Any CPU
	EndGlobalSection
	GlobalSection(ProjectConfigurationPlatforms) = postSolution
		{018EF167-F8B9-4247-82B0-C1AB9ABC658F}.Debug|Any CPU.ActiveCfg = Debug|Any CPU
		{018EF167-F8B9-4247-82B0-C1AB9ABC658F}.Debug|Any CPU.Build.0 = Debug|Any CPU
		{018EF167-F8B9-4247-82B0-C1AB9ABC658F}.Release|Any CPU.ActiveCfg = Release|Any CPU
		{018EF167-F8B9-4247-82B0-C1AB9ABC658F}.Release|Any CPU.Build.0 = Release|Any CPU
	EndGlobalSection
	GlobalSection(SolutionProperties) = preSolution
		HideSolutionNode = FALSE
	EndGlobalSection
	GlobalSection(ExtensibilityGlobals) = postSolution
		SolutionGuid = {1CAA78FA-36A0-486D-9C1A-83D90283EAFC}
	EndGlobalSection
EndGlobal
